
Microsoft Visual Studio Solution File, Format Version 12.00
# Visual Studio Version 16
VisualStudioVersion = 16.0.29519.161
MinimumVisualStudioVersion = 10.0.40219.1
Project("{9A19103F-16F7-4668-BE54-9A1E7A4F7556}") = "DFC.ServiceTaxonomy.Editor", "DFC.ServiceTaxonomy.Editor\DFC.ServiceTaxonomy.Editor.csproj", "{12E7F029-43F7-4BF2-AC86-B5056D1D4DDF}"
EndProject
Project("{2150E333-8FDC-42A3-9474-1A3956D46DE8}") = "Solution Items", "Solution Items", "{16DF71DE-7DEE-4E45-B613-CABA378B6D14}"
	ProjectSection(SolutionItems) = preProject
		.editorconfig = .editorconfig
		.gitignore = .gitignore
		DeveloperNotes.md = DeveloperNotes.md
		DFC.ServiceTaxonomy.Editor.sln.DotSettings = DFC.ServiceTaxonomy.Editor.sln.DotSettings
		NuGet.config = NuGet.config
		README.md = README.md
	EndProjectSection
EndProject
Project("{9A19103F-16F7-4668-BE54-9A1E7A4F7556}") = "DFC.ServiceTaxonomy.UnitTests", "DFC.ServiceTaxonomy.UnitTests\DFC.ServiceTaxonomy.UnitTests.csproj", "{248782F2-4F59-4EC6-8403-7BC6235863E1}"
EndProject
Project("{9A19103F-16F7-4668-BE54-9A1E7A4F7556}") = "DFC.ServiceTaxonomy.GraphLookup", "DFC.ServiceTaxonomy.GraphLookup\DFC.ServiceTaxonomy.GraphLookup.csproj", "{C8CB1064-2262-4DFE-9778-B76163DF0115}"
EndProject
Project("{9A19103F-16F7-4668-BE54-9A1E7A4F7556}") = "DFC.ServiceTaxonomy.Neo4j", "DFC.ServiceTaxonomy.Neo4j\DFC.ServiceTaxonomy.Neo4j.csproj", "{C57D2E7F-F920-4D75-984E-7AE3F28E201A}"
EndProject
Project("{9A19103F-16F7-4668-BE54-9A1E7A4F7556}") = "DFC.ServiceTaxonomy.GraphSync", "DFC.ServiceTaxonomy.GraphSync\DFC.ServiceTaxonomy.GraphSync.csproj", "{2CD2FE55-70AC-4F2A-A6BC-D18D52049B7D}"
EndProject
Project("{9A19103F-16F7-4668-BE54-9A1E7A4F7556}") = "DFC.ServiceTaxonomy.IntegrationTests", "DFC.ServiceTaxonomy.IntegrationTests\DFC.ServiceTaxonomy.IntegrationTests.csproj", "{E2592CC5-5E5C-4AB1-A4AC-55D82E3568FB}"
EndProject
Project("{2150E333-8FDC-42A3-9474-1A3956D46DE8}") = "Tests", "Tests", "{1C39E2DF-6511-4179-BA7C-2A12DBC963E3}"
EndProject
Project("{9A19103F-16F7-4668-BE54-9A1E7A4F7556}") = "DFC.ServiceTaxonomy.OrchardCoreInitialiser", "DFC.ServiceTaxonomy.OrchardCoreInitialiser\DFC.ServiceTaxonomy.OrchardCoreInitialiser.csproj", "{129E19BA-40C8-4457-90F9-90BBD42068EF}"
EndProject
Project("{2150E333-8FDC-42A3-9474-1A3956D46DE8}") = "Utilities", "Utilities", "{398B7C0B-0D07-4A9D-9765-D5A71941DEF6}"
EndProject
Project("{9A19103F-16F7-4668-BE54-9A1E7A4F7556}") = "GetJobProfiles", "GetJobProfiles\GetJobProfiles.csproj", "{8A6F690F-F0D5-4E81-A027-3053BFAC89AF}"
EndProject
Project("{9A19103F-16F7-4668-BE54-9A1E7A4F7556}") = "DFC.ServiceTaxonomy.GraphVisualiser", "DFC.ServiceTaxonomy.GraphVisualiser\DFC.ServiceTaxonomy.GraphVisualiser.csproj", "{A78E7B74-3AD3-493A-98B0-D23DD683C126}"
EndProject
Project("{9A19103F-16F7-4668-BE54-9A1E7A4F7556}") = "DFC.ServiceTaxonomy.CustomFields", "DFC.ServiceTaxonomy.CustomFields\DFC.ServiceTaxonomy.CustomFields.csproj", "{2A5911E1-21EE-44D4-9BB6-92CB9994C79F}"
EndProject
Project("{9A19103F-16F7-4668-BE54-9A1E7A4F7556}") = "DFC.ServiceTaxonomy.Cypher", "DFC.ServiceTaxonomy.Cypher\DFC.ServiceTaxonomy.Cypher.csproj", "{2E642150-CE42-4FA7-BED4-1FDC4337AC88}"
EndProject
Project("{9A19103F-16F7-4668-BE54-9A1E7A4F7556}") = "DFC.ServiceTaxonomy.ContentPickerPreview", "DFC.ServiceTaxonomy.ContentPickerPreview\DFC.ServiceTaxonomy.ContentPickerPreview.csproj", "{0CDC10A8-D499-40B1-9B09-695F40C158BB}"
EndProject
Project("{9A19103F-16F7-4668-BE54-9A1E7A4F7556}") = "DFC.ServiceTaxonomy.Theme", "DFC.ServiceTaxonomy.Theme\DFC.ServiceTaxonomy.Theme.csproj", "{C33C883C-B503-4FCB-9556-88C278A75BF6}"
EndProject
Project("{9A19103F-16F7-4668-BE54-9A1E7A4F7556}") = "DFC.ServiceTaxonomy.Events", "DFC.ServiceTaxonomy.Events\DFC.ServiceTaxonomy.Events.csproj", "{1911C9EF-BE19-4F86-B093-3F85553BF032}"
EndProject
Project("{9A19103F-16F7-4668-BE54-9A1E7A4F7556}") = "DFC.ServiceTaxonomy.CSharpScriptGlobals.CypherToContent", "DFC.ServiceTaxonomy.CSharpScriptGlobals.CypherToContent\DFC.ServiceTaxonomy.CSharpScriptGlobals.CypherToContent.csproj", "{8F3A824F-E0C0-4DC6-87DF-A3895861765F}"
EndProject
Project("{9A19103F-16F7-4668-BE54-9A1E7A4F7556}") = "DFC.ServiceTaxonomy.UnpublishLater", "DFC.ServiceTaxonomy.UnpublishLater\DFC.ServiceTaxonomy.UnpublishLater.csproj", "{5C427787-14B3-4649-9DC1-31A30ABAE1B5}"
EndProject
Project("{9A19103F-16F7-4668-BE54-9A1E7A4F7556}") = "DFC.ServiceTaxonomy.PageLocation", "DFC.ServiceTaxonomy.PageLocation\DFC.ServiceTaxonomy.PageLocation.csproj", "{55806230-CCD9-4A0B-8DA3-45BD40BFC4B7}"
EndProject
Project("{9A19103F-16F7-4668-BE54-9A1E7A4F7556}") = "DFC.ServiceTaxonomy.Taxonomies", "DFC.ServiceTaxonomy.Taxonomies\DFC.ServiceTaxonomy.Taxonomies.csproj", "{A1D49202-4E2F-47AD-A331-BAD5D0A8914E}"
EndProject
Project("{9A19103F-16F7-4668-BE54-9A1E7A4F7556}") = "DFC.ServiceTaxonomy.Content", "DFC.ServiceTaxonomy.Content\DFC.ServiceTaxonomy.Content.csproj", "{F8935113-7D2A-4156-866E-47AF78D1F997}"
EndProject
Project("{9A19103F-16F7-4668-BE54-9A1E7A4F7556}") = "OrchardCore.AuditTrail", "OrchardCore.AuditTrail\OrchardCore.AuditTrail.csproj", "{C2C7C180-F824-4C79-A573-B4D639A4A562}"
EndProject
Project("{2150E333-8FDC-42A3-9474-1A3956D46DE8}") = "OrchardCorePackages", "OrchardCorePackages", "{A7C90278-8F0E-4F99-8AD1-816B7C9FE739}"
	ProjectSection(SolutionItems) = preProject
		OrchardCorePackages\BaseThemeSample.1.0.0-rc8.nupkg = OrchardCorePackages\BaseThemeSample.1.0.0-rc8.nupkg
		OrchardCorePackages\BaseThemeSample2.1.0.0-rc8.nupkg = OrchardCorePackages\BaseThemeSample2.1.0.0-rc8.nupkg
		OrchardCorePackages\DerivedThemeSample.1.0.0-rc8.nupkg = OrchardCorePackages\DerivedThemeSample.1.0.0-rc8.nupkg
		OrchardCorePackages\DerivedThemeSample2.1.0.0-rc8.nupkg = OrchardCorePackages\DerivedThemeSample2.1.0.0-rc8.nupkg
		OrchardCorePackages\Module.Pages.1.0.0-rc8.nupkg = OrchardCorePackages\Module.Pages.1.0.0-rc8.nupkg
		OrchardCorePackages\ModuleSample.1.0.0-rc8.nupkg = OrchardCorePackages\ModuleSample.1.0.0-rc8.nupkg
		OrchardCorePackages\OrchardCore.1.0.0-rc8.nupkg = OrchardCorePackages\OrchardCore.1.0.0-rc8.nupkg
		OrchardCorePackages\OrchardCore.Abstractions.1.0.0-rc8.nupkg = OrchardCorePackages\OrchardCore.Abstractions.1.0.0-rc8.nupkg
		OrchardCorePackages\OrchardCore.Admin.1.0.0-rc8.nupkg = OrchardCorePackages\OrchardCore.Admin.1.0.0-rc8.nupkg
		OrchardCorePackages\OrchardCore.Admin.Abstractions.1.0.0-rc8.nupkg = OrchardCorePackages\OrchardCore.Admin.Abstractions.1.0.0-rc8.nupkg
		OrchardCorePackages\OrchardCore.AdminMenu.1.0.0-rc8.nupkg = OrchardCorePackages\OrchardCore.AdminMenu.1.0.0-rc8.nupkg
		OrchardCorePackages\OrchardCore.AdminMenu.Abstractions.1.0.0-rc8.nupkg = OrchardCorePackages\OrchardCore.AdminMenu.Abstractions.1.0.0-rc8.nupkg
		OrchardCorePackages\OrchardCore.Alias.1.0.0-rc8.nupkg = OrchardCorePackages\OrchardCore.Alias.1.0.0-rc8.nupkg
		OrchardCorePackages\OrchardCore.Apis.GraphQL.1.0.0-rc8.nupkg = OrchardCorePackages\OrchardCore.Apis.GraphQL.1.0.0-rc8.nupkg
		OrchardCorePackages\OrchardCore.Apis.GraphQL.Abstractions.1.0.0-rc8.nupkg = OrchardCorePackages\OrchardCore.Apis.GraphQL.Abstractions.1.0.0-rc8.nupkg
		OrchardCorePackages\OrchardCore.Apis.GraphQL.Client.1.0.0-rc8.nupkg = OrchardCorePackages\OrchardCore.Apis.GraphQL.Client.1.0.0-rc8.nupkg
		OrchardCorePackages\OrchardCore.Application.Cms.Core.Targets.1.0.0-rc8.nupkg = OrchardCorePackages\OrchardCore.Application.Cms.Core.Targets.1.0.0-rc8.nupkg
		OrchardCorePackages\OrchardCore.Application.Cms.Targets.1.0.0-rc8.nupkg = OrchardCorePackages\OrchardCore.Application.Cms.Targets.1.0.0-rc8.nupkg
		OrchardCorePackages\OrchardCore.Application.Mvc.Targets.1.0.0-rc8.nupkg = OrchardCorePackages\OrchardCore.Application.Mvc.Targets.1.0.0-rc8.nupkg
		OrchardCorePackages\OrchardCore.Application.Targets.1.0.0-rc8.nupkg = OrchardCorePackages\OrchardCore.Application.Targets.1.0.0-rc8.nupkg
		OrchardCorePackages\OrchardCore.Autoroute.1.0.0-rc8.nupkg = OrchardCorePackages\OrchardCore.Autoroute.1.0.0-rc8.nupkg
		OrchardCorePackages\OrchardCore.BackgroundTasks.1.0.0-rc8.nupkg = OrchardCorePackages\OrchardCore.BackgroundTasks.1.0.0-rc8.nupkg
		OrchardCorePackages\OrchardCore.Benchmarks.1.0.0-rc8.nupkg = OrchardCorePackages\OrchardCore.Benchmarks.1.0.0-rc8.nupkg
		OrchardCorePackages\OrchardCore.ContentFields.1.0.0-rc8.nupkg = OrchardCorePackages\OrchardCore.ContentFields.1.0.0-rc8.nupkg
		OrchardCorePackages\OrchardCore.ContentLocalization.1.0.0-rc8.nupkg = OrchardCorePackages\OrchardCore.ContentLocalization.1.0.0-rc8.nupkg
		OrchardCorePackages\OrchardCore.ContentLocalization.Abstractions.1.0.0-rc8.nupkg = OrchardCorePackages\OrchardCore.ContentLocalization.Abstractions.1.0.0-rc8.nupkg
		OrchardCorePackages\OrchardCore.ContentManagement.1.0.0-rc8.nupkg = OrchardCorePackages\OrchardCore.ContentManagement.1.0.0-rc8.nupkg
		OrchardCorePackages\OrchardCore.ContentManagement.Abstractions.1.0.0-rc8.nupkg = OrchardCorePackages\OrchardCore.ContentManagement.Abstractions.1.0.0-rc8.nupkg
		OrchardCorePackages\OrchardCore.ContentManagement.Display.1.0.0-rc8.nupkg = OrchardCorePackages\OrchardCore.ContentManagement.Display.1.0.0-rc8.nupkg
		OrchardCorePackages\OrchardCore.ContentManagement.GraphQL.1.0.0-rc8.nupkg = OrchardCorePackages\OrchardCore.ContentManagement.GraphQL.1.0.0-rc8.nupkg
		OrchardCorePackages\OrchardCore.ContentPreview.1.0.0-rc8.nupkg = OrchardCorePackages\OrchardCore.ContentPreview.1.0.0-rc8.nupkg
		OrchardCorePackages\OrchardCore.ContentPreview.Abstractions.1.0.0-rc8.nupkg = OrchardCorePackages\OrchardCore.ContentPreview.Abstractions.1.0.0-rc8.nupkg
		OrchardCorePackages\OrchardCore.Contents.1.0.0-rc8.nupkg = OrchardCorePackages\OrchardCore.Contents.1.0.0-rc8.nupkg
		OrchardCorePackages\OrchardCore.Contents.Core.1.0.0-rc8.nupkg = OrchardCorePackages\OrchardCore.Contents.Core.1.0.0-rc8.nupkg
		OrchardCorePackages\OrchardCore.Contents.TagHelpers.1.0.0-rc8.nupkg = OrchardCorePackages\OrchardCore.Contents.TagHelpers.1.0.0-rc8.nupkg
		OrchardCorePackages\OrchardCore.ContentTypes.1.0.0-rc8.nupkg = OrchardCorePackages\OrchardCore.ContentTypes.1.0.0-rc8.nupkg
		OrchardCorePackages\OrchardCore.ContentTypes.Abstractions.1.0.0-rc8.nupkg = OrchardCorePackages\OrchardCore.ContentTypes.Abstractions.1.0.0-rc8.nupkg
		OrchardCorePackages\OrchardCore.CustomSettings.1.0.0-rc8.nupkg = OrchardCorePackages\OrchardCore.CustomSettings.1.0.0-rc8.nupkg
		OrchardCorePackages\OrchardCore.Data.1.0.0-rc8.nupkg = OrchardCorePackages\OrchardCore.Data.1.0.0-rc8.nupkg
		OrchardCorePackages\OrchardCore.Data.Abstractions.1.0.0-rc8.nupkg = OrchardCorePackages\OrchardCore.Data.Abstractions.1.0.0-rc8.nupkg
		OrchardCorePackages\OrchardCore.DataProtection.Azure.1.0.0-rc8.nupkg = OrchardCorePackages\OrchardCore.DataProtection.Azure.1.0.0-rc8.nupkg
		OrchardCorePackages\OrchardCore.Demo.1.0.0-rc8.nupkg = OrchardCorePackages\OrchardCore.Demo.1.0.0-rc8.nupkg
		OrchardCorePackages\OrchardCore.Deployment.1.0.0-rc8.nupkg = OrchardCorePackages\OrchardCore.Deployment.1.0.0-rc8.nupkg
		OrchardCorePackages\OrchardCore.Deployment.Abstractions.1.0.0-rc8.nupkg = OrchardCorePackages\OrchardCore.Deployment.Abstractions.1.0.0-rc8.nupkg
		OrchardCorePackages\OrchardCore.Deployment.Core.1.0.0-rc8.nupkg = OrchardCorePackages\OrchardCore.Deployment.Core.1.0.0-rc8.nupkg
		OrchardCorePackages\OrchardCore.Deployment.Remote.1.0.0-rc8.nupkg = OrchardCorePackages\OrchardCore.Deployment.Remote.1.0.0-rc8.nupkg
		OrchardCorePackages\OrchardCore.Diagnostics.1.0.0-rc8.nupkg = OrchardCorePackages\OrchardCore.Diagnostics.1.0.0-rc8.nupkg
		OrchardCorePackages\OrchardCore.DisplayManagement.1.0.0-rc8.nupkg = OrchardCorePackages\OrchardCore.DisplayManagement.1.0.0-rc8.nupkg
		OrchardCorePackages\OrchardCore.DisplayManagement.Abstractions.1.0.0-rc8.nupkg = OrchardCorePackages\OrchardCore.DisplayManagement.Abstractions.1.0.0-rc8.nupkg
		OrchardCorePackages\OrchardCore.DisplayManagement.Liquid.1.0.0-rc8.nupkg = OrchardCorePackages\OrchardCore.DisplayManagement.Liquid.1.0.0-rc8.nupkg
		OrchardCorePackages\OrchardCore.DynamicCache.1.0.0-rc8.nupkg = OrchardCorePackages\OrchardCore.DynamicCache.1.0.0-rc8.nupkg
		OrchardCorePackages\OrchardCore.DynamicCache.Abstractions.1.0.0-rc8.nupkg = OrchardCorePackages\OrchardCore.DynamicCache.Abstractions.1.0.0-rc8.nupkg
		OrchardCorePackages\OrchardCore.Email.1.0.0-rc8.nupkg = OrchardCorePackages\OrchardCore.Email.1.0.0-rc8.nupkg
		OrchardCorePackages\OrchardCore.Email.Abstractions.1.0.0-rc8.nupkg = OrchardCorePackages\OrchardCore.Email.Abstractions.1.0.0-rc8.nupkg
		OrchardCorePackages\OrchardCore.Facebook.1.0.0-rc8.nupkg = OrchardCorePackages\OrchardCore.Facebook.1.0.0-rc8.nupkg
		OrchardCorePackages\OrchardCore.Features.1.0.0-rc8.nupkg = OrchardCorePackages\OrchardCore.Features.1.0.0-rc8.nupkg
		OrchardCorePackages\OrchardCore.Feeds.1.0.0-rc8.nupkg = OrchardCorePackages\OrchardCore.Feeds.1.0.0-rc8.nupkg
		OrchardCorePackages\OrchardCore.Feeds.Abstractions.1.0.0-rc8.nupkg = OrchardCorePackages\OrchardCore.Feeds.Abstractions.1.0.0-rc8.nupkg
		OrchardCorePackages\OrchardCore.Feeds.Core.1.0.0-rc8.nupkg = OrchardCorePackages\OrchardCore.Feeds.Core.1.0.0-rc8.nupkg
		OrchardCorePackages\OrchardCore.FileStorage.Abstractions.1.0.0-rc8.nupkg = OrchardCorePackages\OrchardCore.FileStorage.Abstractions.1.0.0-rc8.nupkg
		OrchardCorePackages\OrchardCore.FileStorage.AzureBlob.1.0.0-rc8.nupkg = OrchardCorePackages\OrchardCore.FileStorage.AzureBlob.1.0.0-rc8.nupkg
		OrchardCorePackages\OrchardCore.FileStorage.FileSystem.1.0.0-rc8.nupkg = OrchardCorePackages\OrchardCore.FileStorage.FileSystem.1.0.0-rc8.nupkg
		OrchardCorePackages\OrchardCore.Flows.1.0.0-rc8.nupkg = OrchardCorePackages\OrchardCore.Flows.1.0.0-rc8.nupkg
		OrchardCorePackages\OrchardCore.Forms.1.0.0-rc8.nupkg = OrchardCorePackages\OrchardCore.Forms.1.0.0-rc8.nupkg
		OrchardCorePackages\OrchardCore.GitHub.1.0.0-rc8.nupkg = OrchardCorePackages\OrchardCore.GitHub.1.0.0-rc8.nupkg
		OrchardCorePackages\OrchardCore.Google.1.0.0-rc8.nupkg = OrchardCorePackages\OrchardCore.Google.1.0.0-rc8.nupkg
		OrchardCorePackages\OrchardCore.HealthChecks.1.0.0-rc8.nupkg = OrchardCorePackages\OrchardCore.HealthChecks.1.0.0-rc8.nupkg
		OrchardCorePackages\OrchardCore.HomeRoute.1.0.0-rc8.nupkg = OrchardCorePackages\OrchardCore.HomeRoute.1.0.0-rc8.nupkg
		OrchardCorePackages\OrchardCore.Html.1.0.0-rc8.nupkg = OrchardCorePackages\OrchardCore.Html.1.0.0-rc8.nupkg
		OrchardCorePackages\OrchardCore.Https.1.0.0-rc8.nupkg = OrchardCorePackages\OrchardCore.Https.1.0.0-rc8.nupkg
		OrchardCorePackages\OrchardCore.Indexing.1.0.0-rc8.nupkg = OrchardCorePackages\OrchardCore.Indexing.1.0.0-rc8.nupkg
		OrchardCorePackages\OrchardCore.Indexing.Abstractions.1.0.0-rc8.nupkg = OrchardCorePackages\OrchardCore.Indexing.Abstractions.1.0.0-rc8.nupkg
		OrchardCorePackages\OrchardCore.Infrastructure.1.0.0-rc8.nupkg = OrchardCorePackages\OrchardCore.Infrastructure.1.0.0-rc8.nupkg
		OrchardCorePackages\OrchardCore.Infrastructure.Abstractions.1.0.0-rc8.nupkg = OrchardCorePackages\OrchardCore.Infrastructure.Abstractions.1.0.0-rc8.nupkg
		OrchardCorePackages\OrchardCore.Layers.1.0.0-rc8.nupkg = OrchardCorePackages\OrchardCore.Layers.1.0.0-rc8.nupkg
		OrchardCorePackages\OrchardCore.Liquid.1.0.0-rc8.nupkg = OrchardCorePackages\OrchardCore.Liquid.1.0.0-rc8.nupkg
		OrchardCorePackages\OrchardCore.Liquid.Abstractions.1.0.0-rc8.nupkg = OrchardCorePackages\OrchardCore.Liquid.Abstractions.1.0.0-rc8.nupkg
		OrchardCorePackages\OrchardCore.Lists.1.0.0-rc8.nupkg = OrchardCorePackages\OrchardCore.Lists.1.0.0-rc8.nupkg
		OrchardCorePackages\OrchardCore.Localization.1.0.0-rc8.nupkg = OrchardCorePackages\OrchardCore.Localization.1.0.0-rc8.nupkg
		OrchardCorePackages\OrchardCore.Localization.Abstractions.1.0.0-rc8.nupkg = OrchardCorePackages\OrchardCore.Localization.Abstractions.1.0.0-rc8.nupkg
		OrchardCorePackages\OrchardCore.Localization.Core.1.0.0-rc8.nupkg = OrchardCorePackages\OrchardCore.Localization.Core.1.0.0-rc8.nupkg
		OrchardCorePackages\OrchardCore.Logging.NLog.1.0.0-rc8.nupkg = OrchardCorePackages\OrchardCore.Logging.NLog.1.0.0-rc8.nupkg
		OrchardCorePackages\OrchardCore.Logging.Serilog.1.0.0-rc8.nupkg = OrchardCorePackages\OrchardCore.Logging.Serilog.1.0.0-rc8.nupkg
		OrchardCorePackages\OrchardCore.Lucene.1.0.0-rc8.nupkg = OrchardCorePackages\OrchardCore.Lucene.1.0.0-rc8.nupkg
		OrchardCorePackages\OrchardCore.Lucene.Abstractions.1.0.0-rc8.nupkg = OrchardCorePackages\OrchardCore.Lucene.Abstractions.1.0.0-rc8.nupkg
		OrchardCorePackages\OrchardCore.Lucene.Core.1.0.0-rc8.nupkg = OrchardCorePackages\OrchardCore.Lucene.Core.1.0.0-rc8.nupkg
		OrchardCorePackages\OrchardCore.Markdown.1.0.0-rc8.nupkg = OrchardCorePackages\OrchardCore.Markdown.1.0.0-rc8.nupkg
		OrchardCorePackages\OrchardCore.Markdown.Abstractions.1.0.0-rc8.nupkg = OrchardCorePackages\OrchardCore.Markdown.Abstractions.1.0.0-rc8.nupkg
		OrchardCorePackages\OrchardCore.Media.1.0.0-rc8.nupkg = OrchardCorePackages\OrchardCore.Media.1.0.0-rc8.nupkg
		OrchardCorePackages\OrchardCore.Media.Abstractions.1.0.0-rc8.nupkg = OrchardCorePackages\OrchardCore.Media.Abstractions.1.0.0-rc8.nupkg
		OrchardCorePackages\OrchardCore.Media.Azure.1.0.0-rc8.nupkg = OrchardCorePackages\OrchardCore.Media.Azure.1.0.0-rc8.nupkg
		OrchardCorePackages\OrchardCore.Media.Core.1.0.0-rc8.nupkg = OrchardCorePackages\OrchardCore.Media.Core.1.0.0-rc8.nupkg
		OrchardCorePackages\OrchardCore.Menu.1.0.0-rc8.nupkg = OrchardCorePackages\OrchardCore.Menu.1.0.0-rc8.nupkg
		OrchardCorePackages\OrchardCore.MetaWeblog.Abstractions.1.0.0-rc8.nupkg = OrchardCorePackages\OrchardCore.MetaWeblog.Abstractions.1.0.0-rc8.nupkg
		OrchardCorePackages\OrchardCore.Microsoft.Authentication.1.0.0-rc8.nupkg = OrchardCorePackages\OrchardCore.Microsoft.Authentication.1.0.0-rc8.nupkg
		OrchardCorePackages\OrchardCore.MiniProfiler.1.0.0-rc8.nupkg = OrchardCorePackages\OrchardCore.MiniProfiler.1.0.0-rc8.nupkg
		OrchardCorePackages\OrchardCore.Module.Targets.1.0.0-rc8.nupkg = OrchardCorePackages\OrchardCore.Module.Targets.1.0.0-rc8.nupkg
		OrchardCorePackages\OrchardCore.Mvc.Core.1.0.0-rc8.nupkg = OrchardCorePackages\OrchardCore.Mvc.Core.1.0.0-rc8.nupkg
		OrchardCorePackages\OrchardCore.Mvc.HelloWorld.1.0.0-rc8.nupkg = OrchardCorePackages\OrchardCore.Mvc.HelloWorld.1.0.0-rc8.nupkg
		OrchardCorePackages\OrchardCore.Navigation.1.0.0-rc8.nupkg = OrchardCorePackages\OrchardCore.Navigation.1.0.0-rc8.nupkg
		OrchardCorePackages\OrchardCore.Navigation.Core.1.0.0-rc8.nupkg = OrchardCorePackages\OrchardCore.Navigation.Core.1.0.0-rc8.nupkg
		OrchardCorePackages\OrchardCore.OpenId.1.0.0-rc8.nupkg = OrchardCorePackages\OrchardCore.OpenId.1.0.0-rc8.nupkg
		OrchardCorePackages\OrchardCore.OpenId.Core.1.0.0-rc8.nupkg = OrchardCorePackages\OrchardCore.OpenId.Core.1.0.0-rc8.nupkg
		OrchardCorePackages\OrchardCore.ProjectTemplates.1.0.0-rc8.nupkg = OrchardCorePackages\OrchardCore.ProjectTemplates.1.0.0-rc8.nupkg
		OrchardCorePackages\OrchardCore.PublishLater.1.0.0-rc8.nupkg = OrchardCorePackages\OrchardCore.PublishLater.1.0.0-rc8.nupkg
		OrchardCorePackages\OrchardCore.Queries.1.0.0-rc8.nupkg = OrchardCorePackages\OrchardCore.Queries.1.0.0-rc8.nupkg
		OrchardCorePackages\OrchardCore.Queries.Abstractions.1.0.0-rc8.nupkg = OrchardCorePackages\OrchardCore.Queries.Abstractions.1.0.0-rc8.nupkg
		OrchardCorePackages\OrchardCore.ReCaptcha.1.0.0-rc8.nupkg = OrchardCorePackages\OrchardCore.ReCaptcha.1.0.0-rc8.nupkg
		OrchardCorePackages\OrchardCore.ReCaptcha.Core.1.0.0-rc8.nupkg = OrchardCorePackages\OrchardCore.ReCaptcha.Core.1.0.0-rc8.nupkg
		OrchardCorePackages\OrchardCore.Recipes.1.0.0-rc8.nupkg = OrchardCorePackages\OrchardCore.Recipes.1.0.0-rc8.nupkg
		OrchardCorePackages\OrchardCore.Recipes.Abstractions.1.0.0-rc8.nupkg = OrchardCorePackages\OrchardCore.Recipes.Abstractions.1.0.0-rc8.nupkg
		OrchardCorePackages\OrchardCore.Recipes.Core.1.0.0-rc8.nupkg = OrchardCorePackages\OrchardCore.Recipes.Core.1.0.0-rc8.nupkg
		OrchardCorePackages\OrchardCore.Redis.1.0.0-rc8.nupkg = OrchardCorePackages\OrchardCore.Redis.1.0.0-rc8.nupkg
		OrchardCorePackages\OrchardCore.Redis.Abstractions.1.0.0-rc8.nupkg = OrchardCorePackages\OrchardCore.Redis.Abstractions.1.0.0-rc8.nupkg
		OrchardCorePackages\OrchardCore.ResourceManagement.1.0.0-rc8.nupkg = OrchardCorePackages\OrchardCore.ResourceManagement.1.0.0-rc8.nupkg
		OrchardCorePackages\OrchardCore.ResourceManagement.Abstractions.1.0.0-rc8.nupkg = OrchardCorePackages\OrchardCore.ResourceManagement.Abstractions.1.0.0-rc8.nupkg
		OrchardCorePackages\OrchardCore.Resources.1.0.0-rc8.nupkg = OrchardCorePackages\OrchardCore.Resources.1.0.0-rc8.nupkg
		OrchardCorePackages\OrchardCore.ResponseCompression.1.0.0-rc8.nupkg = OrchardCorePackages\OrchardCore.ResponseCompression.1.0.0-rc8.nupkg
		OrchardCorePackages\OrchardCore.ReverseProxy.1.0.0-rc8.nupkg = OrchardCorePackages\OrchardCore.ReverseProxy.1.0.0-rc8.nupkg
		OrchardCorePackages\OrchardCore.Roles.1.0.0-rc8.nupkg = OrchardCorePackages\OrchardCore.Roles.1.0.0-rc8.nupkg
		OrchardCorePackages\OrchardCore.Scripting.1.0.0-rc8.nupkg = OrchardCorePackages\OrchardCore.Scripting.1.0.0-rc8.nupkg
		OrchardCorePackages\OrchardCore.Scripting.JavaScript.1.0.0-rc8.nupkg = OrchardCorePackages\OrchardCore.Scripting.JavaScript.1.0.0-rc8.nupkg
		OrchardCorePackages\OrchardCore.Search.Abstractions.1.0.0-rc8.nupkg = OrchardCorePackages\OrchardCore.Search.Abstractions.1.0.0-rc8.nupkg
		OrchardCorePackages\OrchardCore.Settings.1.0.0-rc8.nupkg = OrchardCorePackages\OrchardCore.Settings.1.0.0-rc8.nupkg
		OrchardCorePackages\OrchardCore.Settings.Core.1.0.0-rc8.nupkg = OrchardCorePackages\OrchardCore.Settings.Core.1.0.0-rc8.nupkg
		OrchardCorePackages\OrchardCore.Setup.1.0.0-rc8.nupkg = OrchardCorePackages\OrchardCore.Setup.1.0.0-rc8.nupkg
		OrchardCorePackages\OrchardCore.Setup.Abstractions.1.0.0-rc8.nupkg = OrchardCorePackages\OrchardCore.Setup.Abstractions.1.0.0-rc8.nupkg
		OrchardCorePackages\OrchardCore.Setup.Core.1.0.0-rc8.nupkg = OrchardCorePackages\OrchardCore.Setup.Core.1.0.0-rc8.nupkg
		OrchardCorePackages\OrchardCore.Shells.Azure.1.0.0-rc8.nupkg = OrchardCorePackages\OrchardCore.Shells.Azure.1.0.0-rc8.nupkg
		OrchardCorePackages\OrchardCore.Shortcodes.1.0.0-rc8.nupkg = OrchardCorePackages\OrchardCore.Shortcodes.1.0.0-rc8.nupkg
		OrchardCorePackages\OrchardCore.Shortcodes.Abstractions.1.0.0-rc8.nupkg = OrchardCorePackages\OrchardCore.Shortcodes.Abstractions.1.0.0-rc8.nupkg
		OrchardCorePackages\OrchardCore.Sitemaps.1.0.0-rc8.nupkg = OrchardCorePackages\OrchardCore.Sitemaps.1.0.0-rc8.nupkg
		OrchardCorePackages\OrchardCore.Sitemaps.Abstractions.1.0.0-rc8.nupkg = OrchardCorePackages\OrchardCore.Sitemaps.Abstractions.1.0.0-rc8.nupkg
		OrchardCorePackages\OrchardCore.Taxonomies.1.0.0-rc8.nupkg = OrchardCorePackages\OrchardCore.Taxonomies.1.0.0-rc8.nupkg
		OrchardCorePackages\OrchardCore.Templates.1.0.0-rc8.nupkg = OrchardCorePackages\OrchardCore.Templates.1.0.0-rc8.nupkg
		OrchardCorePackages\OrchardCore.Tenants.1.0.0-rc8.nupkg = OrchardCorePackages\OrchardCore.Tenants.1.0.0-rc8.nupkg
		OrchardCorePackages\OrchardCore.Theme.Targets.1.0.0-rc8.nupkg = OrchardCorePackages\OrchardCore.Theme.Targets.1.0.0-rc8.nupkg
		OrchardCorePackages\OrchardCore.Themes.1.0.0-rc8.nupkg = OrchardCorePackages\OrchardCore.Themes.1.0.0-rc8.nupkg
		OrchardCorePackages\OrchardCore.Title.1.0.0-rc8.nupkg = OrchardCorePackages\OrchardCore.Title.1.0.0-rc8.nupkg
		OrchardCorePackages\OrchardCore.Twitter.1.0.0-rc8.nupkg = OrchardCorePackages\OrchardCore.Twitter.1.0.0-rc8.nupkg
		OrchardCorePackages\OrchardCore.Users.1.0.0-rc8.nupkg = OrchardCorePackages\OrchardCore.Users.1.0.0-rc8.nupkg
		OrchardCorePackages\OrchardCore.Users.Abstractions.1.0.0-rc8.nupkg = OrchardCorePackages\OrchardCore.Users.Abstractions.1.0.0-rc8.nupkg
		OrchardCorePackages\OrchardCore.Users.Core.1.0.0-rc8.nupkg = OrchardCorePackages\OrchardCore.Users.Core.1.0.0-rc8.nupkg
		OrchardCorePackages\OrchardCore.Widgets.1.0.0-rc8.nupkg = OrchardCorePackages\OrchardCore.Widgets.1.0.0-rc8.nupkg
		OrchardCorePackages\OrchardCore.Workflows.1.0.0-rc8.nupkg = OrchardCorePackages\OrchardCore.Workflows.1.0.0-rc8.nupkg
		OrchardCorePackages\OrchardCore.Workflows.Abstractions.1.0.0-rc8.nupkg = OrchardCorePackages\OrchardCore.Workflows.Abstractions.1.0.0-rc8.nupkg
		OrchardCorePackages\OrchardCore.XmlRpc.1.0.0-rc8.nupkg = OrchardCorePackages\OrchardCore.XmlRpc.1.0.0-rc8.nupkg
		OrchardCorePackages\OrchardCore.XmlRpc.Abstractions.1.0.0-rc8.nupkg = OrchardCorePackages\OrchardCore.XmlRpc.Abstractions.1.0.0-rc8.nupkg
		OrchardCorePackages\SafeMode.1.0.0-rc8.nupkg = OrchardCorePackages\SafeMode.1.0.0-rc8.nupkg
		OrchardCorePackages\TheAdmin.1.0.0-rc8.nupkg = OrchardCorePackages\TheAdmin.1.0.0-rc8.nupkg
		OrchardCorePackages\TheAgencyTheme.1.0.0-rc8.nupkg = OrchardCorePackages\TheAgencyTheme.1.0.0-rc8.nupkg
		OrchardCorePackages\TheBlogTheme.1.0.0-rc8.nupkg = OrchardCorePackages\TheBlogTheme.1.0.0-rc8.nupkg
		OrchardCorePackages\TheComingSoonTheme.1.0.0-rc8.nupkg = OrchardCorePackages\TheComingSoonTheme.1.0.0-rc8.nupkg
		OrchardCorePackages\Theme.Pages.1.0.0-rc8.nupkg = OrchardCorePackages\Theme.Pages.1.0.0-rc8.nupkg
		OrchardCorePackages\TheTheme.1.0.0-rc8.nupkg = OrchardCorePackages\TheTheme.1.0.0-rc8.nupkg
	EndProjectSection
EndProject
Project("{9A19103F-16F7-4668-BE54-9A1E7A4F7556}") = "DFC.ServiceTaxonomy.Slack", "DFC.ServiceTaxonomy.Slack\DFC.ServiceTaxonomy.Slack.csproj", "{D82B530E-8453-4963-8ABE-64947ED69A8F}"
EndProject
Project("{2150E333-8FDC-42A3-9474-1A3956D46DE8}") = "Documentation", "Documentation", "{01FC712E-9E3D-4690-81A0-E2EDD3B18697}"
	ProjectSection(SolutionItems) = preProject
		Documentation\Content.md = Documentation\Content.md
		Documentation\DevSetup.md = Documentation\DevSetup.md
		Documentation\Ops.md = Documentation\Ops.md
	EndProjectSection
EndProject
Project("{9A19103F-16F7-4668-BE54-9A1E7A4F7556}") = "DFC.ServiceTaxonomy.ContentApproval", "DFC.ServiceTaxonomy.ContentApproval\DFC.ServiceTaxonomy.ContentApproval.csproj", "{90BA95B7-9998-4880-9CAA-BE1B49E67214}"
EndProject
Global
	GlobalSection(SolutionConfigurationPlatforms) = preSolution
		Debug|Any CPU = Debug|Any CPU
		Release|Any CPU = Release|Any CPU
	EndGlobalSection
	GlobalSection(ProjectConfigurationPlatforms) = postSolution
		{12E7F029-43F7-4BF2-AC86-B5056D1D4DDF}.Debug|Any CPU.ActiveCfg = Debug|Any CPU
		{12E7F029-43F7-4BF2-AC86-B5056D1D4DDF}.Debug|Any CPU.Build.0 = Debug|Any CPU
		{12E7F029-43F7-4BF2-AC86-B5056D1D4DDF}.Release|Any CPU.ActiveCfg = Release|Any CPU
		{12E7F029-43F7-4BF2-AC86-B5056D1D4DDF}.Release|Any CPU.Build.0 = Release|Any CPU
		{248782F2-4F59-4EC6-8403-7BC6235863E1}.Debug|Any CPU.ActiveCfg = Debug|Any CPU
		{248782F2-4F59-4EC6-8403-7BC6235863E1}.Debug|Any CPU.Build.0 = Debug|Any CPU
		{248782F2-4F59-4EC6-8403-7BC6235863E1}.Release|Any CPU.ActiveCfg = Release|Any CPU
		{248782F2-4F59-4EC6-8403-7BC6235863E1}.Release|Any CPU.Build.0 = Release|Any CPU
		{C8CB1064-2262-4DFE-9778-B76163DF0115}.Debug|Any CPU.ActiveCfg = Debug|Any CPU
		{C8CB1064-2262-4DFE-9778-B76163DF0115}.Debug|Any CPU.Build.0 = Debug|Any CPU
		{C8CB1064-2262-4DFE-9778-B76163DF0115}.Release|Any CPU.ActiveCfg = Release|Any CPU
		{C8CB1064-2262-4DFE-9778-B76163DF0115}.Release|Any CPU.Build.0 = Release|Any CPU
		{C57D2E7F-F920-4D75-984E-7AE3F28E201A}.Debug|Any CPU.ActiveCfg = Debug|Any CPU
		{C57D2E7F-F920-4D75-984E-7AE3F28E201A}.Debug|Any CPU.Build.0 = Debug|Any CPU
		{C57D2E7F-F920-4D75-984E-7AE3F28E201A}.Release|Any CPU.ActiveCfg = Release|Any CPU
		{C57D2E7F-F920-4D75-984E-7AE3F28E201A}.Release|Any CPU.Build.0 = Release|Any CPU
		{2CD2FE55-70AC-4F2A-A6BC-D18D52049B7D}.Debug|Any CPU.ActiveCfg = Debug|Any CPU
		{2CD2FE55-70AC-4F2A-A6BC-D18D52049B7D}.Debug|Any CPU.Build.0 = Debug|Any CPU
		{2CD2FE55-70AC-4F2A-A6BC-D18D52049B7D}.Release|Any CPU.ActiveCfg = Release|Any CPU
		{2CD2FE55-70AC-4F2A-A6BC-D18D52049B7D}.Release|Any CPU.Build.0 = Release|Any CPU
		{E2592CC5-5E5C-4AB1-A4AC-55D82E3568FB}.Debug|Any CPU.ActiveCfg = Debug|Any CPU
		{E2592CC5-5E5C-4AB1-A4AC-55D82E3568FB}.Debug|Any CPU.Build.0 = Debug|Any CPU
		{E2592CC5-5E5C-4AB1-A4AC-55D82E3568FB}.Release|Any CPU.ActiveCfg = Release|Any CPU
		{E2592CC5-5E5C-4AB1-A4AC-55D82E3568FB}.Release|Any CPU.Build.0 = Release|Any CPU
		{129E19BA-40C8-4457-90F9-90BBD42068EF}.Debug|Any CPU.ActiveCfg = Debug|Any CPU
		{129E19BA-40C8-4457-90F9-90BBD42068EF}.Debug|Any CPU.Build.0 = Debug|Any CPU
		{129E19BA-40C8-4457-90F9-90BBD42068EF}.Release|Any CPU.ActiveCfg = Release|Any CPU
		{129E19BA-40C8-4457-90F9-90BBD42068EF}.Release|Any CPU.Build.0 = Release|Any CPU
		{8A6F690F-F0D5-4E81-A027-3053BFAC89AF}.Debug|Any CPU.ActiveCfg = Debug|Any CPU
		{8A6F690F-F0D5-4E81-A027-3053BFAC89AF}.Debug|Any CPU.Build.0 = Debug|Any CPU
		{8A6F690F-F0D5-4E81-A027-3053BFAC89AF}.Release|Any CPU.ActiveCfg = Release|Any CPU
		{8A6F690F-F0D5-4E81-A027-3053BFAC89AF}.Release|Any CPU.Build.0 = Release|Any CPU
		{A78E7B74-3AD3-493A-98B0-D23DD683C126}.Debug|Any CPU.ActiveCfg = Debug|Any CPU
		{A78E7B74-3AD3-493A-98B0-D23DD683C126}.Debug|Any CPU.Build.0 = Debug|Any CPU
		{A78E7B74-3AD3-493A-98B0-D23DD683C126}.Release|Any CPU.ActiveCfg = Release|Any CPU
		{A78E7B74-3AD3-493A-98B0-D23DD683C126}.Release|Any CPU.Build.0 = Release|Any CPU
		{2A5911E1-21EE-44D4-9BB6-92CB9994C79F}.Debug|Any CPU.ActiveCfg = Debug|Any CPU
		{2A5911E1-21EE-44D4-9BB6-92CB9994C79F}.Debug|Any CPU.Build.0 = Debug|Any CPU
		{2A5911E1-21EE-44D4-9BB6-92CB9994C79F}.Release|Any CPU.ActiveCfg = Release|Any CPU
		{2A5911E1-21EE-44D4-9BB6-92CB9994C79F}.Release|Any CPU.Build.0 = Release|Any CPU
		{2E642150-CE42-4FA7-BED4-1FDC4337AC88}.Debug|Any CPU.ActiveCfg = Debug|Any CPU
		{2E642150-CE42-4FA7-BED4-1FDC4337AC88}.Debug|Any CPU.Build.0 = Debug|Any CPU
		{2E642150-CE42-4FA7-BED4-1FDC4337AC88}.Release|Any CPU.ActiveCfg = Release|Any CPU
		{2E642150-CE42-4FA7-BED4-1FDC4337AC88}.Release|Any CPU.Build.0 = Release|Any CPU
		{0CDC10A8-D499-40B1-9B09-695F40C158BB}.Debug|Any CPU.ActiveCfg = Debug|Any CPU
		{0CDC10A8-D499-40B1-9B09-695F40C158BB}.Debug|Any CPU.Build.0 = Debug|Any CPU
		{0CDC10A8-D499-40B1-9B09-695F40C158BB}.Release|Any CPU.ActiveCfg = Release|Any CPU
		{0CDC10A8-D499-40B1-9B09-695F40C158BB}.Release|Any CPU.Build.0 = Release|Any CPU
		{C33C883C-B503-4FCB-9556-88C278A75BF6}.Debug|Any CPU.ActiveCfg = Debug|Any CPU
		{C33C883C-B503-4FCB-9556-88C278A75BF6}.Debug|Any CPU.Build.0 = Debug|Any CPU
		{C33C883C-B503-4FCB-9556-88C278A75BF6}.Release|Any CPU.ActiveCfg = Release|Any CPU
		{C33C883C-B503-4FCB-9556-88C278A75BF6}.Release|Any CPU.Build.0 = Release|Any CPU
		{1911C9EF-BE19-4F86-B093-3F85553BF032}.Debug|Any CPU.ActiveCfg = Debug|Any CPU
		{1911C9EF-BE19-4F86-B093-3F85553BF032}.Debug|Any CPU.Build.0 = Debug|Any CPU
		{1911C9EF-BE19-4F86-B093-3F85553BF032}.Release|Any CPU.ActiveCfg = Release|Any CPU
		{1911C9EF-BE19-4F86-B093-3F85553BF032}.Release|Any CPU.Build.0 = Release|Any CPU
		{8F3A824F-E0C0-4DC6-87DF-A3895861765F}.Debug|Any CPU.ActiveCfg = Debug|Any CPU
		{8F3A824F-E0C0-4DC6-87DF-A3895861765F}.Debug|Any CPU.Build.0 = Debug|Any CPU
		{8F3A824F-E0C0-4DC6-87DF-A3895861765F}.Release|Any CPU.ActiveCfg = Release|Any CPU
		{8F3A824F-E0C0-4DC6-87DF-A3895861765F}.Release|Any CPU.Build.0 = Release|Any CPU
		{5C427787-14B3-4649-9DC1-31A30ABAE1B5}.Debug|Any CPU.ActiveCfg = Debug|Any CPU
		{5C427787-14B3-4649-9DC1-31A30ABAE1B5}.Debug|Any CPU.Build.0 = Debug|Any CPU
		{5C427787-14B3-4649-9DC1-31A30ABAE1B5}.Release|Any CPU.ActiveCfg = Release|Any CPU
		{5C427787-14B3-4649-9DC1-31A30ABAE1B5}.Release|Any CPU.Build.0 = Release|Any CPU
		{55806230-CCD9-4A0B-8DA3-45BD40BFC4B7}.Debug|Any CPU.ActiveCfg = Debug|Any CPU
		{55806230-CCD9-4A0B-8DA3-45BD40BFC4B7}.Debug|Any CPU.Build.0 = Debug|Any CPU
		{55806230-CCD9-4A0B-8DA3-45BD40BFC4B7}.Release|Any CPU.ActiveCfg = Release|Any CPU
		{55806230-CCD9-4A0B-8DA3-45BD40BFC4B7}.Release|Any CPU.Build.0 = Release|Any CPU
		{A1D49202-4E2F-47AD-A331-BAD5D0A8914E}.Debug|Any CPU.ActiveCfg = Debug|Any CPU
		{A1D49202-4E2F-47AD-A331-BAD5D0A8914E}.Debug|Any CPU.Build.0 = Debug|Any CPU
		{A1D49202-4E2F-47AD-A331-BAD5D0A8914E}.Release|Any CPU.ActiveCfg = Release|Any CPU
		{A1D49202-4E2F-47AD-A331-BAD5D0A8914E}.Release|Any CPU.Build.0 = Release|Any CPU
		{F8935113-7D2A-4156-866E-47AF78D1F997}.Debug|Any CPU.ActiveCfg = Debug|Any CPU
		{F8935113-7D2A-4156-866E-47AF78D1F997}.Debug|Any CPU.Build.0 = Debug|Any CPU
		{F8935113-7D2A-4156-866E-47AF78D1F997}.Release|Any CPU.ActiveCfg = Release|Any CPU
		{F8935113-7D2A-4156-866E-47AF78D1F997}.Release|Any CPU.Build.0 = Release|Any CPU
		{C2C7C180-F824-4C79-A573-B4D639A4A562}.Debug|Any CPU.ActiveCfg = Debug|Any CPU
		{C2C7C180-F824-4C79-A573-B4D639A4A562}.Debug|Any CPU.Build.0 = Debug|Any CPU
		{C2C7C180-F824-4C79-A573-B4D639A4A562}.Release|Any CPU.ActiveCfg = Release|Any CPU
		{C2C7C180-F824-4C79-A573-B4D639A4A562}.Release|Any CPU.Build.0 = Release|Any CPU
		{D82B530E-8453-4963-8ABE-64947ED69A8F}.Debug|Any CPU.ActiveCfg = Debug|Any CPU
		{D82B530E-8453-4963-8ABE-64947ED69A8F}.Debug|Any CPU.Build.0 = Debug|Any CPU
		{D82B530E-8453-4963-8ABE-64947ED69A8F}.Release|Any CPU.ActiveCfg = Release|Any CPU
		{D82B530E-8453-4963-8ABE-64947ED69A8F}.Release|Any CPU.Build.0 = Release|Any CPU
		{90BA95B7-9998-4880-9CAA-BE1B49E67214}.Debug|Any CPU.ActiveCfg = Debug|Any CPU
		{90BA95B7-9998-4880-9CAA-BE1B49E67214}.Debug|Any CPU.Build.0 = Debug|Any CPU
		{90BA95B7-9998-4880-9CAA-BE1B49E67214}.Release|Any CPU.ActiveCfg = Release|Any CPU
		{90BA95B7-9998-4880-9CAA-BE1B49E67214}.Release|Any CPU.Build.0 = Release|Any CPU
	EndGlobalSection
	GlobalSection(SolutionProperties) = preSolution
		HideSolutionNode = FALSE
	EndGlobalSection
	GlobalSection(NestedProjects) = preSolution
		{248782F2-4F59-4EC6-8403-7BC6235863E1} = {1C39E2DF-6511-4179-BA7C-2A12DBC963E3}
		{E2592CC5-5E5C-4AB1-A4AC-55D82E3568FB} = {1C39E2DF-6511-4179-BA7C-2A12DBC963E3}
		{8A6F690F-F0D5-4E81-A027-3053BFAC89AF} = {398B7C0B-0D07-4A9D-9765-D5A71941DEF6}
	EndGlobalSection
	GlobalSection(ExtensibilityGlobals) = postSolution
		SolutionGuid = {B38FA84A-9199-474F-B57A-D4E40B208A6F}
	EndGlobalSection
EndGlobal
