
Microsoft Visual Studio Solution File, Format Version 12.00
# Visual Studio Version 16
VisualStudioVersion = 16.0.29519.161
MinimumVisualStudioVersion = 10.0.40219.1
Project("{9A19103F-16F7-4668-BE54-9A1E7A4F7556}") = "DFC.ServiceTaxonomy.Editor", "DFC.ServiceTaxonomy.Editor\DFC.ServiceTaxonomy.Editor.csproj", "{12E7F029-43F7-4BF2-AC86-B5056D1D4DDF}"
EndProject
Project("{2150E333-8FDC-42A3-9474-1A3956D46DE8}") = "Solution Items", "Solution Items", "{16DF71DE-7DEE-4E45-B613-CABA378B6D14}"
	ProjectSection(SolutionItems) = preProject
		.editorconfig = .editorconfig
		.gitignore = .gitignore
		DeveloperNotes.md = DeveloperNotes.md
		NuGet.config = NuGet.config
		README.md = README.md
	EndProjectSection
EndProject
Project("{9A19103F-16F7-4668-BE54-9A1E7A4F7556}") = "DFC.ServiceTaxonomy.UnitTests", "DFC.ServiceTaxonomy.UnitTests\DFC.ServiceTaxonomy.UnitTests.csproj", "{248782F2-4F59-4EC6-8403-7BC6235863E1}"
EndProject
Project("{2150E333-8FDC-42A3-9474-1A3956D46DE8}") = "User Documentation", "User Documentation", "{3E0A29D0-0E0C-4289-8BD0-C7355D6EBFF9}"
	ProjectSection(SolutionItems) = preProject
		User Documentation\README.md = User Documentation\README.md
	EndProjectSection
EndProject
Project("{9A19103F-16F7-4668-BE54-9A1E7A4F7556}") = "DFC.ServiceTaxonomy.GraphLookup", "DFC.ServiceTaxonomy.GraphLookup\DFC.ServiceTaxonomy.GraphLookup.csproj", "{C8CB1064-2262-4DFE-9778-B76163DF0115}"
EndProject
Project("{9A19103F-16F7-4668-BE54-9A1E7A4F7556}") = "DFC.ServiceTaxonomy.Neo4j", "DFC.ServiceTaxonomy.Neo4j\DFC.ServiceTaxonomy.Neo4j.csproj", "{C57D2E7F-F920-4D75-984E-7AE3F28E201A}"
EndProject
Project("{9A19103F-16F7-4668-BE54-9A1E7A4F7556}") = "DFC.ServiceTaxonomy.GraphSync", "DFC.ServiceTaxonomy.GraphSync\DFC.ServiceTaxonomy.GraphSync.csproj", "{2CD2FE55-70AC-4F2A-A6BC-D18D52049B7D}"
EndProject
Project("{9A19103F-16F7-4668-BE54-9A1E7A4F7556}") = "DFC.ServiceTaxonomy.IntegrationTests", "DFC.ServiceTaxonomy.IntegrationTests\DFC.ServiceTaxonomy.IntegrationTests.csproj", "{E2592CC5-5E5C-4AB1-A4AC-55D82E3568FB}"
EndProject
Project("{2150E333-8FDC-42A3-9474-1A3956D46DE8}") = "Tests", "Tests", "{1C39E2DF-6511-4179-BA7C-2A12DBC963E3}"
EndProject
Project("{9A19103F-16F7-4668-BE54-9A1E7A4F7556}") = "DFC.ServiceTaxonomy.OrchardCoreInitialiser", "DFC.ServiceTaxonomy.OrchardCoreInitialiser\DFC.ServiceTaxonomy.OrchardCoreInitialiser.csproj", "{129E19BA-40C8-4457-90F9-90BBD42068EF}"
EndProject
Global
	GlobalSection(SolutionConfigurationPlatforms) = preSolution
		Debug|Any CPU = Debug|Any CPU
		Release|Any CPU = Release|Any CPU
	EndGlobalSection
	GlobalSection(ProjectConfigurationPlatforms) = postSolution
		{12E7F029-43F7-4BF2-AC86-B5056D1D4DDF}.Debug|Any CPU.ActiveCfg = Debug|Any CPU
		{12E7F029-43F7-4BF2-AC86-B5056D1D4DDF}.Debug|Any CPU.Build.0 = Debug|Any CPU
		{12E7F029-43F7-4BF2-AC86-B5056D1D4DDF}.Release|Any CPU.ActiveCfg = Release|Any CPU
		{12E7F029-43F7-4BF2-AC86-B5056D1D4DDF}.Release|Any CPU.Build.0 = Release|Any CPU
		{248782F2-4F59-4EC6-8403-7BC6235863E1}.Debug|Any CPU.ActiveCfg = Debug|Any CPU
		{248782F2-4F59-4EC6-8403-7BC6235863E1}.Debug|Any CPU.Build.0 = Debug|Any CPU
		{248782F2-4F59-4EC6-8403-7BC6235863E1}.Release|Any CPU.ActiveCfg = Release|Any CPU
		{248782F2-4F59-4EC6-8403-7BC6235863E1}.Release|Any CPU.Build.0 = Release|Any CPU
		{C8CB1064-2262-4DFE-9778-B76163DF0115}.Debug|Any CPU.ActiveCfg = Debug|Any CPU
		{C8CB1064-2262-4DFE-9778-B76163DF0115}.Debug|Any CPU.Build.0 = Debug|Any CPU
		{C8CB1064-2262-4DFE-9778-B76163DF0115}.Release|Any CPU.ActiveCfg = Release|Any CPU
		{C8CB1064-2262-4DFE-9778-B76163DF0115}.Release|Any CPU.Build.0 = Release|Any CPU
		{C57D2E7F-F920-4D75-984E-7AE3F28E201A}.Debug|Any CPU.ActiveCfg = Debug|Any CPU
		{C57D2E7F-F920-4D75-984E-7AE3F28E201A}.Debug|Any CPU.Build.0 = Debug|Any CPU
		{C57D2E7F-F920-4D75-984E-7AE3F28E201A}.Release|Any CPU.ActiveCfg = Release|Any CPU
		{C57D2E7F-F920-4D75-984E-7AE3F28E201A}.Release|Any CPU.Build.0 = Release|Any CPU
		{2CD2FE55-70AC-4F2A-A6BC-D18D52049B7D}.Debug|Any CPU.ActiveCfg = Debug|Any CPU
		{2CD2FE55-70AC-4F2A-A6BC-D18D52049B7D}.Debug|Any CPU.Build.0 = Debug|Any CPU
		{2CD2FE55-70AC-4F2A-A6BC-D18D52049B7D}.Release|Any CPU.ActiveCfg = Release|Any CPU
		{2CD2FE55-70AC-4F2A-A6BC-D18D52049B7D}.Release|Any CPU.Build.0 = Release|Any CPU
		{E2592CC5-5E5C-4AB1-A4AC-55D82E3568FB}.Debug|Any CPU.ActiveCfg = Debug|Any CPU
		{E2592CC5-5E5C-4AB1-A4AC-55D82E3568FB}.Debug|Any CPU.Build.0 = Debug|Any CPU
		{E2592CC5-5E5C-4AB1-A4AC-55D82E3568FB}.Release|Any CPU.ActiveCfg = Release|Any CPU
		{E2592CC5-5E5C-4AB1-A4AC-55D82E3568FB}.Release|Any CPU.Build.0 = Release|Any CPU
		{129E19BA-40C8-4457-90F9-90BBD42068EF}.Debug|Any CPU.ActiveCfg = Debug|Any CPU
		{129E19BA-40C8-4457-90F9-90BBD42068EF}.Debug|Any CPU.Build.0 = Debug|Any CPU
		{129E19BA-40C8-4457-90F9-90BBD42068EF}.Release|Any CPU.ActiveCfg = Release|Any CPU
		{129E19BA-40C8-4457-90F9-90BBD42068EF}.Release|Any CPU.Build.0 = Release|Any CPU
	EndGlobalSection
	GlobalSection(SolutionProperties) = preSolution
		HideSolutionNode = FALSE
	EndGlobalSection
	GlobalSection(NestedProjects) = preSolution
		{248782F2-4F59-4EC6-8403-7BC6235863E1} = {1C39E2DF-6511-4179-BA7C-2A12DBC963E3}
		{3E0A29D0-0E0C-4289-8BD0-C7355D6EBFF9} = {16DF71DE-7DEE-4E45-B613-CABA378B6D14}
		{E2592CC5-5E5C-4AB1-A4AC-55D82E3568FB} = {1C39E2DF-6511-4179-BA7C-2A12DBC963E3}
	EndGlobalSection
	GlobalSection(ExtensibilityGlobals) = postSolution
		SolutionGuid = {B38FA84A-9199-474F-B57A-D4E40B208A6F}
	EndGlobalSection
EndGlobal
